
Microsoft Visual Studio Solution File, Format Version 12.00
# Visual Studio Version 16
VisualStudioVersion = 16.0.30204.135
MinimumVisualStudioVersion = 10.0.40219.1
Project("{9A19103F-16F7-4668-BE54-9A1E7A4F7556}") = "Altkom.UniSoft.ConsoleClient", "Altkom.UniSoft.ConsoleClient\Altkom.UniSoft.ConsoleClient.csproj", "{20EE2A56-DCC9-478E-A9E5-DED3C5DD3792}"
EndProject
Project("{9A19103F-16F7-4668-BE54-9A1E7A4F7556}") = "Altkom.UniSoft.Models", "Altkom.UniSoft.Models\Altkom.UniSoft.Models.csproj", "{CEDB0092-13FD-4BD8-AC52-3B6DE58294C6}"
EndProject
Project("{9A19103F-16F7-4668-BE54-9A1E7A4F7556}") = "Alktom.UniSoft.IServices", "Alktom.UniSoft.IServices\Alktom.UniSoft.IServices.csproj", "{439A7964-9F78-4942-B634-DFF045397C1D}"
EndProject
Project("{9A19103F-16F7-4668-BE54-9A1E7A4F7556}") = "Altkom.UniSoft.FakeServices", "Altkom.UniSoft.FakeServices\Altkom.UniSoft.FakeServices.csproj", "{15E1A8C6-F4F4-444E-8DFF-3DA412EC34EC}"
EndProject
Project("{9A19103F-16F7-4668-BE54-9A1E7A4F7556}") = "Altkom.UniSoft.WebApi", "Altkom.UniSoft.WebApi\Altkom.UniSoft.WebApi.csproj", "{52E750CB-31B6-414D-9EF9-2CBB545C7669}"
EndProject
Project("{FAE04EC0-301F-11D3-BF4B-00C04F79EFBC}") = "Altkom.UniSoft.Api", "Altkom.UniSoft.Api\Altkom.UniSoft.Api.csproj", "{4E9F4E73-56F4-441F-8E04-7785F9A45ED3}"
EndProject
Project("{FAE04EC0-301F-11D3-BF4B-00C04F79EFBC}") = "Altkom.UniSoft.OWINApi", "Altkom.UniSoft.OWINApi\Altkom.UniSoft.OWINApi.csproj", "{B7E53F34-8C1D-43FE-8DBE-96BF36E52BEC}"
EndProject
Project("{FAE04EC0-301F-11D3-BF4B-00C04F79EFBC}") = "Altkom.UniSoft.SignalRHub", "Altkom.UniSoft.SignalRHub\Altkom.UniSoft.SignalRHub.csproj", "{3BD96C63-4586-402D-A978-25773FD1D769}"
EndProject
Project("{FAE04EC0-301F-11D3-BF4B-00C04F79EFBC}") = "Altkom.UniSoft.SignalRSenderConsoleClient", "Altkom.UniSoft.SignalRSenderConsoleClient\Altkom.UniSoft.SignalRSenderConsoleClient.csproj", "{1348160D-4408-4FD2-B516-37593E6CFA1C}"
EndProject
Project("{FAE04EC0-301F-11D3-BF4B-00C04F79EFBC}") = "Altkom.UniSoft.SignalRReceiverConsoleClient", "Altkom.UniSoft.SignalRReceiverConsoleClient\Altkom.UniSoft.SignalRReceiverConsoleClient.csproj", "{6463AB29-F4EB-4134-B91F-5FEA7F4C2107}"
EndProject
Project("{FAE04EC0-301F-11D3-BF4B-00C04F79EFBC}") = "Altkom.UniSoft.WebMVC", "Altkom.UniSoft.WebMVC\Altkom.UniSoft.WebMVC.csproj", "{642814A1-1892-4354-8705-DDC75E83B31B}"
EndProject
Project("{FAE04EC0-301F-11D3-BF4B-00C04F79EFBC}") = "Altkom.UniSoft.RazorPages", "Altkom.UniSoft.RazorPages\Altkom.UniSoft.RazorPages.csproj", "{1875C21B-D7F9-4512-AC3C-E2F943496D5D}"
EndProject
Project("{FAE04EC0-301F-11D3-BF4B-00C04F79EFBC}") = "Altkom.UniSoft.RestApiServices", "Altkom.UniSoft.RestApiServices\Altkom.UniSoft.RestApiServices.csproj", "{5AC39549-DA71-4433-8E35-B27140DABE07}"
EndProject
Project("{FAE04EC0-301F-11D3-BF4B-00C04F79EFBC}") = "Altkom.UniSoft.DbServices", "Altkom.UniSoft.DbServices\Altkom.UniSoft.DbServices.csproj", "{6E82BF24-3C1B-435C-AD33-2CF52EFFB230}"
EndProject
Project("{FAE04EC0-301F-11D3-BF4B-00C04F79EFBC}") = "Altkom.UniSoft.DapperServices", "Altkom.UniSoft.DapperServices\Altkom.UniSoft.DapperServices.csproj", "{4C90E388-31E6-4975-8B29-3FFE120AC737}"
EndProject
Project("{FAE04EC0-301F-11D3-BF4B-00C04F79EFBC}") = "Altkom.UniSoft.GrpcService", "Altkom.UniSoft.GrpcService\Altkom.UniSoft.GrpcService.csproj", "{BC03BF16-FAF3-4EC1-BF19-A4AB5049B87D}"
EndProject
Project("{FAE04EC0-301F-11D3-BF4B-00C04F79EFBC}") = "Altkom.UniSoft.GrpcConsoleClient", "Altkom.UniSoft.GrpcConsoleClient\Altkom.UniSoft.GrpcConsoleClient.csproj", "{4F1287F8-B019-4D67-AB56-DB317852CEC8}"
EndProject
Project("{FAE04EC0-301F-11D3-BF4B-00C04F79EFBC}") = "Altkom.UniSoft.WorkerService", "Altkom.UniSoft.WorkerService\Altkom.UniSoft.WorkerService.csproj", "{5A379FF3-1434-4D3D-8ADD-D9EC135B23DC}"
EndProject
Project("{FAE04EC0-301F-11D3-BF4B-00C04F79EFBC}") = "Altkom.UniSoft.WindowsService", "Altkom.UniSoft.WindowsService\Altkom.UniSoft.WindowsService.csproj", "{EEC98248-DC4F-41C5-8075-9142F14E270A}"
EndProject
Global
	GlobalSection(SolutionConfigurationPlatforms) = preSolution
		Debug|Any CPU = Debug|Any CPU
		Release|Any CPU = Release|Any CPU
	EndGlobalSection
	GlobalSection(ProjectConfigurationPlatforms) = postSolution
		{20EE2A56-DCC9-478E-A9E5-DED3C5DD3792}.Debug|Any CPU.ActiveCfg = Debug|Any CPU
		{20EE2A56-DCC9-478E-A9E5-DED3C5DD3792}.Debug|Any CPU.Build.0 = Debug|Any CPU
		{20EE2A56-DCC9-478E-A9E5-DED3C5DD3792}.Release|Any CPU.ActiveCfg = Release|Any CPU
		{20EE2A56-DCC9-478E-A9E5-DED3C5DD3792}.Release|Any CPU.Build.0 = Release|Any CPU
		{CEDB0092-13FD-4BD8-AC52-3B6DE58294C6}.Debug|Any CPU.ActiveCfg = Debug|Any CPU
		{CEDB0092-13FD-4BD8-AC52-3B6DE58294C6}.Debug|Any CPU.Build.0 = Debug|Any CPU
		{CEDB0092-13FD-4BD8-AC52-3B6DE58294C6}.Release|Any CPU.ActiveCfg = Release|Any CPU
		{CEDB0092-13FD-4BD8-AC52-3B6DE58294C6}.Release|Any CPU.Build.0 = Release|Any CPU
		{439A7964-9F78-4942-B634-DFF045397C1D}.Debug|Any CPU.ActiveCfg = Debug|Any CPU
		{439A7964-9F78-4942-B634-DFF045397C1D}.Debug|Any CPU.Build.0 = Debug|Any CPU
		{439A7964-9F78-4942-B634-DFF045397C1D}.Release|Any CPU.ActiveCfg = Release|Any CPU
		{439A7964-9F78-4942-B634-DFF045397C1D}.Release|Any CPU.Build.0 = Release|Any CPU
		{15E1A8C6-F4F4-444E-8DFF-3DA412EC34EC}.Debug|Any CPU.ActiveCfg = Debug|Any CPU
		{15E1A8C6-F4F4-444E-8DFF-3DA412EC34EC}.Debug|Any CPU.Build.0 = Debug|Any CPU
		{15E1A8C6-F4F4-444E-8DFF-3DA412EC34EC}.Release|Any CPU.ActiveCfg = Release|Any CPU
		{15E1A8C6-F4F4-444E-8DFF-3DA412EC34EC}.Release|Any CPU.Build.0 = Release|Any CPU
		{52E750CB-31B6-414D-9EF9-2CBB545C7669}.Debug|Any CPU.ActiveCfg = Debug|Any CPU
		{52E750CB-31B6-414D-9EF9-2CBB545C7669}.Debug|Any CPU.Build.0 = Debug|Any CPU
		{52E750CB-31B6-414D-9EF9-2CBB545C7669}.Release|Any CPU.ActiveCfg = Release|Any CPU
		{52E750CB-31B6-414D-9EF9-2CBB545C7669}.Release|Any CPU.Build.0 = Release|Any CPU
		{4E9F4E73-56F4-441F-8E04-7785F9A45ED3}.Debug|Any CPU.ActiveCfg = Debug|Any CPU
		{4E9F4E73-56F4-441F-8E04-7785F9A45ED3}.Debug|Any CPU.Build.0 = Debug|Any CPU
		{4E9F4E73-56F4-441F-8E04-7785F9A45ED3}.Release|Any CPU.ActiveCfg = Release|Any CPU
		{4E9F4E73-56F4-441F-8E04-7785F9A45ED3}.Release|Any CPU.Build.0 = Release|Any CPU
		{B7E53F34-8C1D-43FE-8DBE-96BF36E52BEC}.Debug|Any CPU.ActiveCfg = Debug|Any CPU
		{B7E53F34-8C1D-43FE-8DBE-96BF36E52BEC}.Debug|Any CPU.Build.0 = Debug|Any CPU
		{B7E53F34-8C1D-43FE-8DBE-96BF36E52BEC}.Release|Any CPU.ActiveCfg = Release|Any CPU
		{B7E53F34-8C1D-43FE-8DBE-96BF36E52BEC}.Release|Any CPU.Build.0 = Release|Any CPU
		{3BD96C63-4586-402D-A978-25773FD1D769}.Debug|Any CPU.ActiveCfg = Debug|Any CPU
		{3BD96C63-4586-402D-A978-25773FD1D769}.Debug|Any CPU.Build.0 = Debug|Any CPU
		{3BD96C63-4586-402D-A978-25773FD1D769}.Release|Any CPU.ActiveCfg = Release|Any CPU
		{3BD96C63-4586-402D-A978-25773FD1D769}.Release|Any CPU.Build.0 = Release|Any CPU
		{1348160D-4408-4FD2-B516-37593E6CFA1C}.Debug|Any CPU.ActiveCfg = Debug|Any CPU
		{1348160D-4408-4FD2-B516-37593E6CFA1C}.Debug|Any CPU.Build.0 = Debug|Any CPU
		{1348160D-4408-4FD2-B516-37593E6CFA1C}.Release|Any CPU.ActiveCfg = Release|Any CPU
		{1348160D-4408-4FD2-B516-37593E6CFA1C}.Release|Any CPU.Build.0 = Release|Any CPU
		{6463AB29-F4EB-4134-B91F-5FEA7F4C2107}.Debug|Any CPU.ActiveCfg = Debug|Any CPU
		{6463AB29-F4EB-4134-B91F-5FEA7F4C2107}.Debug|Any CPU.Build.0 = Debug|Any CPU
		{6463AB29-F4EB-4134-B91F-5FEA7F4C2107}.Release|Any CPU.ActiveCfg = Release|Any CPU
		{6463AB29-F4EB-4134-B91F-5FEA7F4C2107}.Release|Any CPU.Build.0 = Release|Any CPU
		{642814A1-1892-4354-8705-DDC75E83B31B}.Debug|Any CPU.ActiveCfg = Debug|Any CPU
		{642814A1-1892-4354-8705-DDC75E83B31B}.Debug|Any CPU.Build.0 = Debug|Any CPU
		{642814A1-1892-4354-8705-DDC75E83B31B}.Release|Any CPU.ActiveCfg = Release|Any CPU
		{642814A1-1892-4354-8705-DDC75E83B31B}.Release|Any CPU.Build.0 = Release|Any CPU
		{1875C21B-D7F9-4512-AC3C-E2F943496D5D}.Debug|Any CPU.ActiveCfg = Debug|Any CPU
		{1875C21B-D7F9-4512-AC3C-E2F943496D5D}.Debug|Any CPU.Build.0 = Debug|Any CPU
		{1875C21B-D7F9-4512-AC3C-E2F943496D5D}.Release|Any CPU.ActiveCfg = Release|Any CPU
		{1875C21B-D7F9-4512-AC3C-E2F943496D5D}.Release|Any CPU.Build.0 = Release|Any CPU
		{5AC39549-DA71-4433-8E35-B27140DABE07}.Debug|Any CPU.ActiveCfg = Debug|Any CPU
		{5AC39549-DA71-4433-8E35-B27140DABE07}.Debug|Any CPU.Build.0 = Debug|Any CPU
		{5AC39549-DA71-4433-8E35-B27140DABE07}.Release|Any CPU.ActiveCfg = Release|Any CPU
		{5AC39549-DA71-4433-8E35-B27140DABE07}.Release|Any CPU.Build.0 = Release|Any CPU
		{6E82BF24-3C1B-435C-AD33-2CF52EFFB230}.Debug|Any CPU.ActiveCfg = Debug|Any CPU
		{6E82BF24-3C1B-435C-AD33-2CF52EFFB230}.Debug|Any CPU.Build.0 = Debug|Any CPU
		{6E82BF24-3C1B-435C-AD33-2CF52EFFB230}.Release|Any CPU.ActiveCfg = Release|Any CPU
		{6E82BF24-3C1B-435C-AD33-2CF52EFFB230}.Release|Any CPU.Build.0 = Release|Any CPU
		{4C90E388-31E6-4975-8B29-3FFE120AC737}.Debug|Any CPU.ActiveCfg = Debug|Any CPU
		{4C90E388-31E6-4975-8B29-3FFE120AC737}.Debug|Any CPU.Build.0 = Debug|Any CPU
		{4C90E388-31E6-4975-8B29-3FFE120AC737}.Release|Any CPU.ActiveCfg = Release|Any CPU
		{4C90E388-31E6-4975-8B29-3FFE120AC737}.Release|Any CPU.Build.0 = Release|Any CPU
		{BC03BF16-FAF3-4EC1-BF19-A4AB5049B87D}.Debug|Any CPU.ActiveCfg = Debug|Any CPU
		{BC03BF16-FAF3-4EC1-BF19-A4AB5049B87D}.Debug|Any CPU.Build.0 = Debug|Any CPU
		{BC03BF16-FAF3-4EC1-BF19-A4AB5049B87D}.Release|Any CPU.ActiveCfg = Release|Any CPU
		{BC03BF16-FAF3-4EC1-BF19-A4AB5049B87D}.Release|Any CPU.Build.0 = Release|Any CPU
		{4F1287F8-B019-4D67-AB56-DB317852CEC8}.Debug|Any CPU.ActiveCfg = Debug|Any CPU
		{4F1287F8-B019-4D67-AB56-DB317852CEC8}.Debug|Any CPU.Build.0 = Debug|Any CPU
		{4F1287F8-B019-4D67-AB56-DB317852CEC8}.Release|Any CPU.ActiveCfg = Release|Any CPU
		{4F1287F8-B019-4D67-AB56-DB317852CEC8}.Release|Any CPU.Build.0 = Release|Any CPU
		{5A379FF3-1434-4D3D-8ADD-D9EC135B23DC}.Debug|Any CPU.ActiveCfg = Debug|Any CPU
		{5A379FF3-1434-4D3D-8ADD-D9EC135B23DC}.Debug|Any CPU.Build.0 = Debug|Any CPU
		{5A379FF3-1434-4D3D-8ADD-D9EC135B23DC}.Release|Any CPU.ActiveCfg = Release|Any CPU
		{5A379FF3-1434-4D3D-8ADD-D9EC135B23DC}.Release|Any CPU.Build.0 = Release|Any CPU
		{EEC98248-DC4F-41C5-8075-9142F14E270A}.Debug|Any CPU.ActiveCfg = Debug|Any CPU
		{EEC98248-DC4F-41C5-8075-9142F14E270A}.Debug|Any CPU.Build.0 = Debug|Any CPU
		{EEC98248-DC4F-41C5-8075-9142F14E270A}.Release|Any CPU.ActiveCfg = Release|Any CPU
		{EEC98248-DC4F-41C5-8075-9142F14E270A}.Release|Any CPU.Build.0 = Release|Any CPU
	EndGlobalSection
	GlobalSection(SolutionProperties) = preSolution
		HideSolutionNode = FALSE
	EndGlobalSection
	GlobalSection(ExtensibilityGlobals) = postSolution
		SolutionGuid = {EC091238-C13B-430E-BC49-9E2CD1F237C0}
	EndGlobalSection
EndGlobal
